// !$*UTF8*$!
{
	archiveVersion = 1;
	classes = {
	};
	objectVersion = 51;
	objects = {

/* Begin PBXBuildFile section */
		041A394624CBECB8009CD443 /* IPConstant.swift in Sources */ = {isa = PBXBuildFile; fileRef = 041A394024CBECB8009CD443 /* IPConstant.swift */; };
		041A394724CBECB8009CD443 /* IPUtill.swift in Sources */ = {isa = PBXBuildFile; fileRef = 041A394124CBECB8009CD443 /* IPUtill.swift */; };
		041A394824CBECB8009CD443 /* MReservationChartAreaWise.swift in Sources */ = {isa = PBXBuildFile; fileRef = 041A394224CBECB8009CD443 /* MReservationChartAreaWise.swift */; };
		041A394924CBECB8009CD443 /* IPExtension.swift in Sources */ = {isa = PBXBuildFile; fileRef = 041A394324CBECB8009CD443 /* IPExtension.swift */; };
		041A394A24CBECB8009CD443 /* IPGlobal.swift in Sources */ = {isa = PBXBuildFile; fileRef = 041A394424CBECB8009CD443 /* IPGlobal.swift */; };
		041A394B24CBECB8009CD443 /* IPText.swift in Sources */ = {isa = PBXBuildFile; fileRef = 041A394524CBECB8009CD443 /* IPText.swift */; };
		041A394E24CBED04009CD443 /* GetUnivercity.swift in Sources */ = {isa = PBXBuildFile; fileRef = 041A394D24CBED04009CD443 /* GetUnivercity.swift */; };
		041A395024CBEF70009CD443 /* ClSData.swift in Sources */ = {isa = PBXBuildFile; fileRef = 041A394F24CBEF70009CD443 /* ClSData.swift */; };
		041A395424CBF0A9009CD443 /* Reachability.m in Sources */ = {isa = PBXBuildFile; fileRef = 041A395324CBF0A9009CD443 /* Reachability.m */; };
		041A395724CBF3CA009CD443 /* NetWorkCall.swift in Sources */ = {isa = PBXBuildFile; fileRef = 041A395624CBF3CA009CD443 /* NetWorkCall.swift */; };
		0424975624CFFB610094D4F9 /* LoginVc.swift in Sources */ = {isa = PBXBuildFile; fileRef = 0424975524CFFB610094D4F9 /* LoginVc.swift */; };
		0454C44E24CC358500AB50EB /* TestCV.swift in Sources */ = {isa = PBXBuildFile; fileRef = 0454C44D24CC358500AB50EB /* TestCV.swift */; };
		045894C624D86AAE00A6025D /* GrantsList.swift in Sources */ = {isa = PBXBuildFile; fileRef = 045894C524D86AAE00A6025D /* GrantsList.swift */; };
		0463E6F824D148BE00CBD0DA /* UserData_m.swift in Sources */ = {isa = PBXBuildFile; fileRef = 0463E6F724D148BE00CBD0DA /* UserData_m.swift */; };
		0463E6FA24D18D1B00CBD0DA /* ForgotPassword.swift in Sources */ = {isa = PBXBuildFile; fileRef = 0463E6F924D18D1B00CBD0DA /* ForgotPassword.swift */; };
		0463E6FC24D190EE00CBD0DA /* StatusModel.swift in Sources */ = {isa = PBXBuildFile; fileRef = 0463E6FB24D190EE00CBD0DA /* StatusModel.swift */; };
		04698A0824D2EEF1001B38A7 /* ConversationsController.swift in Sources */ = {isa = PBXBuildFile; fileRef = 04698A0724D2EEF1001B38A7 /* ConversationsController.swift */; };
		04698A0A24D3D1AC001B38A7 /* Extensions.swift in Sources */ = {isa = PBXBuildFile; fileRef = 04698A0924D3D1AC001B38A7 /* Extensions.swift */; };
		04698A0C24D3D365001B38A7 /* GoogleService-Info.plist in Resources */ = {isa = PBXBuildFile; fileRef = 04698A0B24D3D365001B38A7 /* GoogleService-Info.plist */; };
		04698A0E24D3F2DD001B38A7 /* SignUpVC.swift in Sources */ = {isa = PBXBuildFile; fileRef = 04698A0D24D3F2DD001B38A7 /* SignUpVC.swift */; };
		04B0222A24D8178C00605ED0 /* Roboto-Black.ttf in Resources */ = {isa = PBXBuildFile; fileRef = 04B0221E24D8178600605ED0 /* Roboto-Black.ttf */; };
		04B0222B24D8178C00605ED0 /* Roboto-BlackItalic.ttf in Resources */ = {isa = PBXBuildFile; fileRef = 04B0221F24D8178700605ED0 /* Roboto-BlackItalic.ttf */; };
		04B0222C24D8178C00605ED0 /* Roboto-BoldItalic.ttf in Resources */ = {isa = PBXBuildFile; fileRef = 04B0222024D8178800605ED0 /* Roboto-BoldItalic.ttf */; };
		04B0222D24D8178C00605ED0 /* Roboto-LightItalic.ttf in Resources */ = {isa = PBXBuildFile; fileRef = 04B0222124D8178800605ED0 /* Roboto-LightItalic.ttf */; };
		04B0222E24D8178C00605ED0 /* Roboto-MediumItalic.ttf in Resources */ = {isa = PBXBuildFile; fileRef = 04B0222224D8178900605ED0 /* Roboto-MediumItalic.ttf */; };
		04B0222F24D8178C00605ED0 /* Roboto-Medium.ttf in Resources */ = {isa = PBXBuildFile; fileRef = 04B0222324D8178900605ED0 /* Roboto-Medium.ttf */; };
		04B0223024D8178C00605ED0 /* Roboto-Light.ttf in Resources */ = {isa = PBXBuildFile; fileRef = 04B0222424D8178900605ED0 /* Roboto-Light.ttf */; };
		04B0223124D8178C00605ED0 /* Roboto-Thin.ttf in Resources */ = {isa = PBXBuildFile; fileRef = 04B0222524D8178A00605ED0 /* Roboto-Thin.ttf */; };
		04B0223224D8178C00605ED0 /* Roboto-Italic.ttf in Resources */ = {isa = PBXBuildFile; fileRef = 04B0222624D8178A00605ED0 /* Roboto-Italic.ttf */; };
		04B0223324D8178C00605ED0 /* Roboto-ThinItalic.ttf in Resources */ = {isa = PBXBuildFile; fileRef = 04B0222724D8178B00605ED0 /* Roboto-ThinItalic.ttf */; };
		04B0223424D8178C00605ED0 /* Roboto-Bold.ttf in Resources */ = {isa = PBXBuildFile; fileRef = 04B0222824D8178B00605ED0 /* Roboto-Bold.ttf */; };
		04B0223524D8178C00605ED0 /* Roboto-Regular.ttf in Resources */ = {isa = PBXBuildFile; fileRef = 04B0222924D8178C00605ED0 /* Roboto-Regular.ttf */; };
		04B0223724D81A8100605ED0 /* JobListVC.swift in Sources */ = {isa = PBXBuildFile; fileRef = 04B0223624D81A8100605ED0 /* JobListVC.swift */; };
		04B6C2C424D0044400F76360 /* SplVC.swift in Sources */ = {isa = PBXBuildFile; fileRef = 04B6C2C324D0044300F76360 /* SplVC.swift */; };
		04B6C2C624D016AA00F76360 /* SceneDelegate.swift in Sources */ = {isa = PBXBuildFile; fileRef = 04B6C2C524D016AA00F76360 /* SceneDelegate.swift */; };
		1B4299A177901A5322DB23CF /* Pods_MoppTests.framework in Frameworks */ = {isa = PBXBuildFile; fileRef = 7E258436F72C129B182E00D8 /* Pods_MoppTests.framework */; };
		A604610324AD98F900034CAB /* AppDelegate.swift in Sources */ = {isa = PBXBuildFile; fileRef = A604610224AD98F900034CAB /* AppDelegate.swift */; };
		A604610724AD98F900034CAB /* SelectUniversity.swift in Sources */ = {isa = PBXBuildFile; fileRef = A604610624AD98F900034CAB /* SelectUniversity.swift */; };
		A604610C24AD98FD00034CAB /* Assets.xcassets in Resources */ = {isa = PBXBuildFile; fileRef = A604610B24AD98FD00034CAB /* Assets.xcassets */; };
		A604610F24AD98FD00034CAB /* LaunchScreen.storyboard in Resources */ = {isa = PBXBuildFile; fileRef = A604610D24AD98FD00034CAB /* LaunchScreen.storyboard */; };
		A604611A24AD98FD00034CAB /* MoppTests.swift in Sources */ = {isa = PBXBuildFile; fileRef = A604611924AD98FD00034CAB /* MoppTests.swift */; };
		A604612524AD98FD00034CAB /* MoppUITests.swift in Sources */ = {isa = PBXBuildFile; fileRef = A604612424AD98FD00034CAB /* MoppUITests.swift */; };
		A604613324AD9A3100034CAB /* Main.storyboard in Resources */ = {isa = PBXBuildFile; fileRef = A604613224AD9A3100034CAB /* Main.storyboard */; };
		C12768617B6CD0670B8B521A /* Pods_Mopp.framework in Frameworks */ = {isa = PBXBuildFile; fileRef = 8125BFC1CB8A0E1122964210 /* Pods_Mopp.framework */; };
		F6A4B52D1C3B3C797FC4102E /* Pods_Mopp_MoppUITests.framework in Frameworks */ = {isa = PBXBuildFile; fileRef = AE048D17051CCC2AF1CD9E74 /* Pods_Mopp_MoppUITests.framework */; };
/* End PBXBuildFile section */

/* Begin PBXContainerItemProxy section */
		A604611624AD98FD00034CAB /* PBXContainerItemProxy */ = {
			isa = PBXContainerItemProxy;
			containerPortal = A60460F724AD98F900034CAB /* Project object */;
			proxyType = 1;
			remoteGlobalIDString = A60460FE24AD98F900034CAB;
			remoteInfo = Mopp;
		};
		A604612124AD98FD00034CAB /* PBXContainerItemProxy */ = {
			isa = PBXContainerItemProxy;
			containerPortal = A60460F724AD98F900034CAB /* Project object */;
			proxyType = 1;
			remoteGlobalIDString = A60460FE24AD98F900034CAB;
			remoteInfo = Mopp;
		};
/* End PBXContainerItemProxy section */

/* Begin PBXFileReference section */
		041A394024CBECB8009CD443 /* IPConstant.swift */ = {isa = PBXFileReference; fileEncoding = 4; lastKnownFileType = sourcecode.swift; path = IPConstant.swift; sourceTree = "<group>"; };
		041A394124CBECB8009CD443 /* IPUtill.swift */ = {isa = PBXFileReference; fileEncoding = 4; lastKnownFileType = sourcecode.swift; path = IPUtill.swift; sourceTree = "<group>"; };
		041A394224CBECB8009CD443 /* MReservationChartAreaWise.swift */ = {isa = PBXFileReference; fileEncoding = 4; lastKnownFileType = sourcecode.swift; path = MReservationChartAreaWise.swift; sourceTree = "<group>"; };
		041A394324CBECB8009CD443 /* IPExtension.swift */ = {isa = PBXFileReference; fileEncoding = 4; lastKnownFileType = sourcecode.swift; path = IPExtension.swift; sourceTree = "<group>"; };
		041A394424CBECB8009CD443 /* IPGlobal.swift */ = {isa = PBXFileReference; fileEncoding = 4; lastKnownFileType = sourcecode.swift; path = IPGlobal.swift; sourceTree = "<group>"; };
		041A394524CBECB8009CD443 /* IPText.swift */ = {isa = PBXFileReference; fileEncoding = 4; lastKnownFileType = sourcecode.swift; path = IPText.swift; sourceTree = "<group>"; };
		041A394D24CBED04009CD443 /* GetUnivercity.swift */ = {isa = PBXFileReference; lastKnownFileType = sourcecode.swift; path = GetUnivercity.swift; sourceTree = "<group>"; };
		041A394F24CBEF70009CD443 /* ClSData.swift */ = {isa = PBXFileReference; lastKnownFileType = sourcecode.swift; path = ClSData.swift; sourceTree = "<group>"; };
		041A395124CBF0A8009CD443 /* Mopp-Bridging-Header.h */ = {isa = PBXFileReference; lastKnownFileType = sourcecode.c.h; path = "Mopp-Bridging-Header.h"; sourceTree = "<group>"; };
		041A395224CBF0A9009CD443 /* Reachability.h */ = {isa = PBXFileReference; fileEncoding = 4; lastKnownFileType = sourcecode.c.h; path = Reachability.h; sourceTree = "<group>"; };
		041A395324CBF0A9009CD443 /* Reachability.m */ = {isa = PBXFileReference; fileEncoding = 4; lastKnownFileType = sourcecode.c.objc; path = Reachability.m; sourceTree = "<group>"; };
		041A395624CBF3CA009CD443 /* NetWorkCall.swift */ = {isa = PBXFileReference; lastKnownFileType = sourcecode.swift; path = NetWorkCall.swift; sourceTree = "<group>"; };
		0424975524CFFB610094D4F9 /* LoginVc.swift */ = {isa = PBXFileReference; lastKnownFileType = sourcecode.swift; path = LoginVc.swift; sourceTree = "<group>"; };
		0454C44D24CC358500AB50EB /* TestCV.swift */ = {isa = PBXFileReference; lastKnownFileType = sourcecode.swift; path = TestCV.swift; sourceTree = "<group>"; };
		045894C524D86AAE00A6025D /* GrantsList.swift */ = {isa = PBXFileReference; lastKnownFileType = sourcecode.swift; path = GrantsList.swift; sourceTree = "<group>"; };
		0463E6F724D148BE00CBD0DA /* UserData_m.swift */ = {isa = PBXFileReference; lastKnownFileType = sourcecode.swift; path = UserData_m.swift; sourceTree = "<group>"; };
		0463E6F924D18D1B00CBD0DA /* ForgotPassword.swift */ = {isa = PBXFileReference; lastKnownFileType = sourcecode.swift; path = ForgotPassword.swift; sourceTree = "<group>"; };
		0463E6FB24D190EE00CBD0DA /* StatusModel.swift */ = {isa = PBXFileReference; lastKnownFileType = sourcecode.swift; path = StatusModel.swift; sourceTree = "<group>"; };
		04698A0724D2EEF1001B38A7 /* ConversationsController.swift */ = {isa = PBXFileReference; lastKnownFileType = sourcecode.swift; path = ConversationsController.swift; sourceTree = "<group>"; };
		04698A0924D3D1AC001B38A7 /* Extensions.swift */ = {isa = PBXFileReference; fileEncoding = 4; lastKnownFileType = sourcecode.swift; path = Extensions.swift; sourceTree = "<group>"; };
		04698A0B24D3D365001B38A7 /* GoogleService-Info.plist */ = {isa = PBXFileReference; fileEncoding = 4; lastKnownFileType = text.plist.xml; path = "GoogleService-Info.plist"; sourceTree = "<group>"; };
		04698A0D24D3F2DD001B38A7 /* SignUpVC.swift */ = {isa = PBXFileReference; lastKnownFileType = sourcecode.swift; path = SignUpVC.swift; sourceTree = "<group>"; };
		04B0221E24D8178600605ED0 /* Roboto-Black.ttf */ = {isa = PBXFileReference; lastKnownFileType = file; path = "Roboto-Black.ttf"; sourceTree = "<group>"; };
		04B0221F24D8178700605ED0 /* Roboto-BlackItalic.ttf */ = {isa = PBXFileReference; lastKnownFileType = file; path = "Roboto-BlackItalic.ttf"; sourceTree = "<group>"; };
		04B0222024D8178800605ED0 /* Roboto-BoldItalic.ttf */ = {isa = PBXFileReference; lastKnownFileType = file; path = "Roboto-BoldItalic.ttf"; sourceTree = "<group>"; };
		04B0222124D8178800605ED0 /* Roboto-LightItalic.ttf */ = {isa = PBXFileReference; lastKnownFileType = file; path = "Roboto-LightItalic.ttf"; sourceTree = "<group>"; };
		04B0222224D8178900605ED0 /* Roboto-MediumItalic.ttf */ = {isa = PBXFileReference; lastKnownFileType = file; path = "Roboto-MediumItalic.ttf"; sourceTree = "<group>"; };
		04B0222324D8178900605ED0 /* Roboto-Medium.ttf */ = {isa = PBXFileReference; lastKnownFileType = file; path = "Roboto-Medium.ttf"; sourceTree = "<group>"; };
		04B0222424D8178900605ED0 /* Roboto-Light.ttf */ = {isa = PBXFileReference; lastKnownFileType = file; path = "Roboto-Light.ttf"; sourceTree = "<group>"; };
		04B0222524D8178A00605ED0 /* Roboto-Thin.ttf */ = {isa = PBXFileReference; lastKnownFileType = file; path = "Roboto-Thin.ttf"; sourceTree = "<group>"; };
		04B0222624D8178A00605ED0 /* Roboto-Italic.ttf */ = {isa = PBXFileReference; lastKnownFileType = file; path = "Roboto-Italic.ttf"; sourceTree = "<group>"; };
		04B0222724D8178B00605ED0 /* Roboto-ThinItalic.ttf */ = {isa = PBXFileReference; lastKnownFileType = file; path = "Roboto-ThinItalic.ttf"; sourceTree = "<group>"; };
		04B0222824D8178B00605ED0 /* Roboto-Bold.ttf */ = {isa = PBXFileReference; lastKnownFileType = file; path = "Roboto-Bold.ttf"; sourceTree = "<group>"; };
		04B0222924D8178C00605ED0 /* Roboto-Regular.ttf */ = {isa = PBXFileReference; lastKnownFileType = file; path = "Roboto-Regular.ttf"; sourceTree = "<group>"; };
		04B0223624D81A8100605ED0 /* JobListVC.swift */ = {isa = PBXFileReference; lastKnownFileType = sourcecode.swift; path = JobListVC.swift; sourceTree = "<group>"; };
		04B6C2C324D0044300F76360 /* SplVC.swift */ = {isa = PBXFileReference; lastKnownFileType = sourcecode.swift; path = SplVC.swift; sourceTree = "<group>"; };
		04B6C2C524D016AA00F76360 /* SceneDelegate.swift */ = {isa = PBXFileReference; fileEncoding = 4; lastKnownFileType = sourcecode.swift; path = SceneDelegate.swift; sourceTree = "<group>"; };
		157DA5B29283EA9A5DA22438 /* Pods-MoppTests.release.xcconfig */ = {isa = PBXFileReference; includeInIndex = 1; lastKnownFileType = text.xcconfig; name = "Pods-MoppTests.release.xcconfig"; path = "Target Support Files/Pods-MoppTests/Pods-MoppTests.release.xcconfig"; sourceTree = "<group>"; };
		33CECD04D33ED50AA3A1FE2E /* Pods-Mopp.debug.xcconfig */ = {isa = PBXFileReference; includeInIndex = 1; lastKnownFileType = text.xcconfig; name = "Pods-Mopp.debug.xcconfig"; path = "Target Support Files/Pods-Mopp/Pods-Mopp.debug.xcconfig"; sourceTree = "<group>"; };
		5C1826A36D8EB26A1310EA8B /* Pods-Mopp-MoppUITests.release.xcconfig */ = {isa = PBXFileReference; includeInIndex = 1; lastKnownFileType = text.xcconfig; name = "Pods-Mopp-MoppUITests.release.xcconfig"; path = "Target Support Files/Pods-Mopp-MoppUITests/Pods-Mopp-MoppUITests.release.xcconfig"; sourceTree = "<group>"; };
		7E258436F72C129B182E00D8 /* Pods_MoppTests.framework */ = {isa = PBXFileReference; explicitFileType = wrapper.framework; includeInIndex = 0; path = Pods_MoppTests.framework; sourceTree = BUILT_PRODUCTS_DIR; };
		8125BFC1CB8A0E1122964210 /* Pods_Mopp.framework */ = {isa = PBXFileReference; explicitFileType = wrapper.framework; includeInIndex = 0; path = Pods_Mopp.framework; sourceTree = BUILT_PRODUCTS_DIR; };
		8361E6FF88284BED15C4C8D0 /* Pods-MoppTests.debug.xcconfig */ = {isa = PBXFileReference; includeInIndex = 1; lastKnownFileType = text.xcconfig; name = "Pods-MoppTests.debug.xcconfig"; path = "Target Support Files/Pods-MoppTests/Pods-MoppTests.debug.xcconfig"; sourceTree = "<group>"; };
		A60460FF24AD98F900034CAB /* Mopp.app */ = {isa = PBXFileReference; explicitFileType = wrapper.application; includeInIndex = 0; path = Mopp.app; sourceTree = BUILT_PRODUCTS_DIR; };
		A604610224AD98F900034CAB /* AppDelegate.swift */ = {isa = PBXFileReference; lastKnownFileType = sourcecode.swift; path = AppDelegate.swift; sourceTree = "<group>"; };
		A604610624AD98F900034CAB /* SelectUniversity.swift */ = {isa = PBXFileReference; lastKnownFileType = sourcecode.swift; path = SelectUniversity.swift; sourceTree = "<group>"; };
		A604610B24AD98FD00034CAB /* Assets.xcassets */ = {isa = PBXFileReference; lastKnownFileType = folder.assetcatalog; path = Assets.xcassets; sourceTree = "<group>"; };
		A604610E24AD98FD00034CAB /* Base */ = {isa = PBXFileReference; lastKnownFileType = file.storyboard; name = Base; path = Base.lproj/LaunchScreen.storyboard; sourceTree = "<group>"; };
		A604611024AD98FD00034CAB /* Info.plist */ = {isa = PBXFileReference; lastKnownFileType = text.plist.xml; path = Info.plist; sourceTree = "<group>"; };
		A604611524AD98FD00034CAB /* MoppTests.xctest */ = {isa = PBXFileReference; explicitFileType = wrapper.cfbundle; includeInIndex = 0; path = MoppTests.xctest; sourceTree = BUILT_PRODUCTS_DIR; };
		A604611924AD98FD00034CAB /* MoppTests.swift */ = {isa = PBXFileReference; lastKnownFileType = sourcecode.swift; path = MoppTests.swift; sourceTree = "<group>"; };
		A604611B24AD98FD00034CAB /* Info.plist */ = {isa = PBXFileReference; lastKnownFileType = text.plist.xml; path = Info.plist; sourceTree = "<group>"; };
		A604612024AD98FD00034CAB /* MoppUITests.xctest */ = {isa = PBXFileReference; explicitFileType = wrapper.cfbundle; includeInIndex = 0; path = MoppUITests.xctest; sourceTree = BUILT_PRODUCTS_DIR; };
		A604612424AD98FD00034CAB /* MoppUITests.swift */ = {isa = PBXFileReference; lastKnownFileType = sourcecode.swift; path = MoppUITests.swift; sourceTree = "<group>"; };
		A604612624AD98FD00034CAB /* Info.plist */ = {isa = PBXFileReference; lastKnownFileType = text.plist.xml; path = Info.plist; sourceTree = "<group>"; };
		A604613224AD9A3100034CAB /* Main.storyboard */ = {isa = PBXFileReference; fileEncoding = 4; lastKnownFileType = file.storyboard; path = Main.storyboard; sourceTree = "<group>"; };
		AB96588ADBB59CF7097F455D /* Pods-Mopp-MoppUITests.debug.xcconfig */ = {isa = PBXFileReference; includeInIndex = 1; lastKnownFileType = text.xcconfig; name = "Pods-Mopp-MoppUITests.debug.xcconfig"; path = "Target Support Files/Pods-Mopp-MoppUITests/Pods-Mopp-MoppUITests.debug.xcconfig"; sourceTree = "<group>"; };
		AE048D17051CCC2AF1CD9E74 /* Pods_Mopp_MoppUITests.framework */ = {isa = PBXFileReference; explicitFileType = wrapper.framework; includeInIndex = 0; path = Pods_Mopp_MoppUITests.framework; sourceTree = BUILT_PRODUCTS_DIR; };
		D5412879FFD56AFBBF7303FB /* Pods-Mopp.release.xcconfig */ = {isa = PBXFileReference; includeInIndex = 1; lastKnownFileType = text.xcconfig; name = "Pods-Mopp.release.xcconfig"; path = "Target Support Files/Pods-Mopp/Pods-Mopp.release.xcconfig"; sourceTree = "<group>"; };
/* End PBXFileReference section */

/* Begin PBXFrameworksBuildPhase section */
		A60460FC24AD98F900034CAB /* Frameworks */ = {
			isa = PBXFrameworksBuildPhase;
			buildActionMask = 2147483647;
			files = (
				C12768617B6CD0670B8B521A /* Pods_Mopp.framework in Frameworks */,
			);
			runOnlyForDeploymentPostprocessing = 0;
		};
		A604611224AD98FD00034CAB /* Frameworks */ = {
			isa = PBXFrameworksBuildPhase;
			buildActionMask = 2147483647;
			files = (
				1B4299A177901A5322DB23CF /* Pods_MoppTests.framework in Frameworks */,
			);
			runOnlyForDeploymentPostprocessing = 0;
		};
		A604611D24AD98FD00034CAB /* Frameworks */ = {
			isa = PBXFrameworksBuildPhase;
			buildActionMask = 2147483647;
			files = (
				F6A4B52D1C3B3C797FC4102E /* Pods_Mopp_MoppUITests.framework in Frameworks */,
			);
			runOnlyForDeploymentPostprocessing = 0;
		};
/* End PBXFrameworksBuildPhase section */

/* Begin PBXGroup section */
		041A393F24CBECB8009CD443 /* CommonClass */ = {
			isa = PBXGroup;
			children = (
				041A395224CBF0A9009CD443 /* Reachability.h */,
				041A395324CBF0A9009CD443 /* Reachability.m */,
				041A394024CBECB8009CD443 /* IPConstant.swift */,
				041A394124CBECB8009CD443 /* IPUtill.swift */,
				041A394224CBECB8009CD443 /* MReservationChartAreaWise.swift */,
				041A394324CBECB8009CD443 /* IPExtension.swift */,
				041A394424CBECB8009CD443 /* IPGlobal.swift */,
				041A394524CBECB8009CD443 /* IPText.swift */,
				041A394F24CBEF70009CD443 /* ClSData.swift */,
				041A395124CBF0A8009CD443 /* Mopp-Bridging-Header.h */,
			);
			path = CommonClass;
			sourceTree = "<group>";
		};
		041A394C24CBECE2009CD443 /* ModleClass */ = {
			isa = PBXGroup;
			children = (
				041A394D24CBED04009CD443 /* GetUnivercity.swift */,
				0463E6F724D148BE00CBD0DA /* UserData_m.swift */,
				0463E6FB24D190EE00CBD0DA /* StatusModel.swift */,
			);
			path = ModleClass;
			sourceTree = "<group>";
		};
		041A395524CBF3B5009CD443 /* NetWorks */ = {
			isa = PBXGroup;
			children = (
				041A395624CBF3CA009CD443 /* NetWorkCall.swift */,
			);
			path = NetWorks;
			sourceTree = "<group>";
		};
		0424975424CFFB430094D4F9 /* VCGroup */ = {
			isa = PBXGroup;
			children = (
				0424975524CFFB610094D4F9 /* LoginVc.swift */,
				04B6C2C324D0044300F76360 /* SplVC.swift */,
				0463E6F924D18D1B00CBD0DA /* ForgotPassword.swift */,
				04698A0D24D3F2DD001B38A7 /* SignUpVC.swift */,
				04B0223624D81A8100605ED0 /* JobListVC.swift */,
				045894C524D86AAE00A6025D /* GrantsList.swift */,
			);
			path = VCGroup;
			sourceTree = "<group>";
		};
		04698A0024D2EE17001B38A7 /* ChatApp */ = {
			isa = PBXGroup;
			children = (
				04698A0624D2EE3C001B38A7 /* Model */,
				04698A0524D2EE39001B38A7 /* View */,
				04698A0424D2EE37001B38A7 /* ViewModel */,
				04698A0324D2EE35001B38A7 /* Controllers */,
				04698A0224D2EE33001B38A7 /* API */,
				04698A0124D2EE30001B38A7 /* Utility */,
			);
			path = ChatApp;
			sourceTree = "<group>";
		};
		04698A0124D2EE30001B38A7 /* Utility */ = {
			isa = PBXGroup;
			children = (
				04698A0924D3D1AC001B38A7 /* Extensions.swift */,
			);
			path = Utility;
			sourceTree = "<group>";
		};
		04698A0224D2EE33001B38A7 /* API */ = {
			isa = PBXGroup;
			children = (
			);
			path = API;
			sourceTree = "<group>";
		};
		04698A0324D2EE35001B38A7 /* Controllers */ = {
			isa = PBXGroup;
			children = (
				04698A0724D2EEF1001B38A7 /* ConversationsController.swift */,
			);
			path = Controllers;
			sourceTree = "<group>";
		};
		04698A0424D2EE37001B38A7 /* ViewModel */ = {
			isa = PBXGroup;
			children = (
			);
			path = ViewModel;
			sourceTree = "<group>";
		};
		04698A0524D2EE39001B38A7 /* View */ = {
			isa = PBXGroup;
			children = (
			);
			path = View;
			sourceTree = "<group>";
		};
		04698A0624D2EE3C001B38A7 /* Model */ = {
			isa = PBXGroup;
			children = (
			);
			path = Model;
			sourceTree = "<group>";
		};
		04B0221D24D8176C00605ED0 /* Resources */ = {
			isa = PBXGroup;
			children = (
				04B0221E24D8178600605ED0 /* Roboto-Black.ttf */,
				04B0221F24D8178700605ED0 /* Roboto-BlackItalic.ttf */,
				04B0222824D8178B00605ED0 /* Roboto-Bold.ttf */,
				04B0222024D8178800605ED0 /* Roboto-BoldItalic.ttf */,
				04B0222624D8178A00605ED0 /* Roboto-Italic.ttf */,
				04B0222424D8178900605ED0 /* Roboto-Light.ttf */,
				04B0222124D8178800605ED0 /* Roboto-LightItalic.ttf */,
				04B0222324D8178900605ED0 /* Roboto-Medium.ttf */,
				04B0222224D8178900605ED0 /* Roboto-MediumItalic.ttf */,
				04B0222924D8178C00605ED0 /* Roboto-Regular.ttf */,
				04B0222524D8178A00605ED0 /* Roboto-Thin.ttf */,
				04B0222724D8178B00605ED0 /* Roboto-ThinItalic.ttf */,
			);
			path = Resources;
			sourceTree = "<group>";
		};
		1FD5952896E58DBF6573BD46 /* Pods */ = {
			isa = PBXGroup;
			children = (
				33CECD04D33ED50AA3A1FE2E /* Pods-Mopp.debug.xcconfig */,
				D5412879FFD56AFBBF7303FB /* Pods-Mopp.release.xcconfig */,
				AB96588ADBB59CF7097F455D /* Pods-Mopp-MoppUITests.debug.xcconfig */,
				5C1826A36D8EB26A1310EA8B /* Pods-Mopp-MoppUITests.release.xcconfig */,
				8361E6FF88284BED15C4C8D0 /* Pods-MoppTests.debug.xcconfig */,
				157DA5B29283EA9A5DA22438 /* Pods-MoppTests.release.xcconfig */,
			);
			path = Pods;
			sourceTree = "<group>";
		};
		A60460F624AD98F900034CAB = {
			isa = PBXGroup;
			children = (
				A604610124AD98F900034CAB /* Mopp */,
				A604611824AD98FD00034CAB /* MoppTests */,
				A604612324AD98FD00034CAB /* MoppUITests */,
				A604610024AD98F900034CAB /* Products */,
				1FD5952896E58DBF6573BD46 /* Pods */,
				B63011F421A9FBB5C5EE7261 /* Frameworks */,
			);
			sourceTree = "<group>";
		};
		A604610024AD98F900034CAB /* Products */ = {
			isa = PBXGroup;
			children = (
				A60460FF24AD98F900034CAB /* Mopp.app */,
				A604611524AD98FD00034CAB /* MoppTests.xctest */,
				A604612024AD98FD00034CAB /* MoppUITests.xctest */,
			);
			name = Products;
			sourceTree = "<group>";
		};
		A604610124AD98F900034CAB /* Mopp */ = {
			isa = PBXGroup;
			children = (
				04B0221D24D8176C00605ED0 /* Resources */,
				04698A0024D2EE17001B38A7 /* ChatApp */,
				0424975424CFFB430094D4F9 /* VCGroup */,
				041A395524CBF3B5009CD443 /* NetWorks */,
				041A394C24CBECE2009CD443 /* ModleClass */,
				041A393F24CBECB8009CD443 /* CommonClass */,
				A604610224AD98F900034CAB /* AppDelegate.swift */,
				A604610624AD98F900034CAB /* SelectUniversity.swift */,
				04B6C2C524D016AA00F76360 /* SceneDelegate.swift */,
				A604613224AD9A3100034CAB /* Main.storyboard */,
				A604610B24AD98FD00034CAB /* Assets.xcassets */,
				A604610D24AD98FD00034CAB /* LaunchScreen.storyboard */,
				A604611024AD98FD00034CAB /* Info.plist */,
				04698A0B24D3D365001B38A7 /* GoogleService-Info.plist */,
				0454C44D24CC358500AB50EB /* TestCV.swift */,
			);
			path = Mopp;
			sourceTree = "<group>";
		};
		A604611824AD98FD00034CAB /* MoppTests */ = {
			isa = PBXGroup;
			children = (
				A604611924AD98FD00034CAB /* MoppTests.swift */,
				A604611B24AD98FD00034CAB /* Info.plist */,
			);
			path = MoppTests;
			sourceTree = "<group>";
		};
		A604612324AD98FD00034CAB /* MoppUITests */ = {
			isa = PBXGroup;
			children = (
				A604612424AD98FD00034CAB /* MoppUITests.swift */,
				A604612624AD98FD00034CAB /* Info.plist */,
			);
			path = MoppUITests;
			sourceTree = "<group>";
		};
		B63011F421A9FBB5C5EE7261 /* Frameworks */ = {
			isa = PBXGroup;
			children = (
				8125BFC1CB8A0E1122964210 /* Pods_Mopp.framework */,
				AE048D17051CCC2AF1CD9E74 /* Pods_Mopp_MoppUITests.framework */,
				7E258436F72C129B182E00D8 /* Pods_MoppTests.framework */,
			);
			name = Frameworks;
			sourceTree = "<group>";
		};
/* End PBXGroup section */

/* Begin PBXNativeTarget section */
		A60460FE24AD98F900034CAB /* Mopp */ = {
			isa = PBXNativeTarget;
			buildConfigurationList = A604612924AD98FD00034CAB /* Build configuration list for PBXNativeTarget "Mopp" */;
			buildPhases = (
				C21695675FE9041A997B6675 /* [CP] Check Pods Manifest.lock */,
				A60460FB24AD98F900034CAB /* Sources */,
				A60460FC24AD98F900034CAB /* Frameworks */,
				A60460FD24AD98F900034CAB /* Resources */,
				F0DC60D3BDAA8C3941D24575 /* [CP] Embed Pods Frameworks */,
				7FC3BF26E577CFC66D8CE858 /* [CP] Copy Pods Resources */,
			);
			buildRules = (
			);
			dependencies = (
			);
			name = Mopp;
			productName = Mopp;
			productReference = A60460FF24AD98F900034CAB /* Mopp.app */;
			productType = "com.apple.product-type.application";
		};
		A604611424AD98FD00034CAB /* MoppTests */ = {
			isa = PBXNativeTarget;
			buildConfigurationList = A604612C24AD98FD00034CAB /* Build configuration list for PBXNativeTarget "MoppTests" */;
			buildPhases = (
				5719F1271753BA9BCDB4D231 /* [CP] Check Pods Manifest.lock */,
				A604611124AD98FD00034CAB /* Sources */,
				A604611224AD98FD00034CAB /* Frameworks */,
				A604611324AD98FD00034CAB /* Resources */,
			);
			buildRules = (
			);
			dependencies = (
				A604611724AD98FD00034CAB /* PBXTargetDependency */,
			);
			name = MoppTests;
			productName = MoppTests;
			productReference = A604611524AD98FD00034CAB /* MoppTests.xctest */;
			productType = "com.apple.product-type.bundle.unit-test";
		};
		A604611F24AD98FD00034CAB /* MoppUITests */ = {
			isa = PBXNativeTarget;
			buildConfigurationList = A604612F24AD98FD00034CAB /* Build configuration list for PBXNativeTarget "MoppUITests" */;
			buildPhases = (
				11701AAF94F10533557F76D8 /* [CP] Check Pods Manifest.lock */,
				A604611C24AD98FD00034CAB /* Sources */,
				A604611D24AD98FD00034CAB /* Frameworks */,
				A604611E24AD98FD00034CAB /* Resources */,
				83F7C5EE27F5D890705855F1 /* [CP] Embed Pods Frameworks */,
				8E658F333A36D590E828BFBA /* [CP] Copy Pods Resources */,
			);
			buildRules = (
			);
			dependencies = (
				A604612224AD98FD00034CAB /* PBXTargetDependency */,
			);
			name = MoppUITests;
			productName = MoppUITests;
			productReference = A604612024AD98FD00034CAB /* MoppUITests.xctest */;
			productType = "com.apple.product-type.bundle.ui-testing";
		};
/* End PBXNativeTarget section */

/* Begin PBXProject section */
		A60460F724AD98F900034CAB /* Project object */ = {
			isa = PBXProject;
			attributes = {
				LastSwiftUpdateCheck = 1150;
				LastUpgradeCheck = 1150;
				ORGANIZATIONNAME = "yash shekhada";
				TargetAttributes = {
					A60460FE24AD98F900034CAB = {
						CreatedOnToolsVersion = 11.5;
						LastSwiftMigration = 1160;
					};
					A604611424AD98FD00034CAB = {
						CreatedOnToolsVersion = 11.5;
						TestTargetID = A60460FE24AD98F900034CAB;
					};
					A604611F24AD98FD00034CAB = {
						CreatedOnToolsVersion = 11.5;
						TestTargetID = A60460FE24AD98F900034CAB;
					};
				};
			};
			buildConfigurationList = A60460FA24AD98F900034CAB /* Build configuration list for PBXProject "Mopp" */;
			compatibilityVersion = "Xcode 9.3";
			developmentRegion = en;
			hasScannedForEncodings = 0;
			knownRegions = (
				en,
				Base,
			);
			mainGroup = A60460F624AD98F900034CAB;
			productRefGroup = A604610024AD98F900034CAB /* Products */;
			projectDirPath = "";
			projectRoot = "";
			targets = (
				A60460FE24AD98F900034CAB /* Mopp */,
				A604611424AD98FD00034CAB /* MoppTests */,
				A604611F24AD98FD00034CAB /* MoppUITests */,
			);
		};
/* End PBXProject section */

/* Begin PBXResourcesBuildPhase section */
		A60460FD24AD98F900034CAB /* Resources */ = {
			isa = PBXResourcesBuildPhase;
			buildActionMask = 2147483647;
			files = (
				04B0222F24D8178C00605ED0 /* Roboto-Medium.ttf in Resources */,
				A604610F24AD98FD00034CAB /* LaunchScreen.storyboard in Resources */,
				04B0223524D8178C00605ED0 /* Roboto-Regular.ttf in Resources */,
				04B0223424D8178C00605ED0 /* Roboto-Bold.ttf in Resources */,
				04B0222B24D8178C00605ED0 /* Roboto-BlackItalic.ttf in Resources */,
				04B0223024D8178C00605ED0 /* Roboto-Light.ttf in Resources */,
				04B0222D24D8178C00605ED0 /* Roboto-LightItalic.ttf in Resources */,
				04B0223224D8178C00605ED0 /* Roboto-Italic.ttf in Resources */,
				A604610C24AD98FD00034CAB /* Assets.xcassets in Resources */,
				04B0222A24D8178C00605ED0 /* Roboto-Black.ttf in Resources */,
				04698A0C24D3D365001B38A7 /* GoogleService-Info.plist in Resources */,
				04B0223124D8178C00605ED0 /* Roboto-Thin.ttf in Resources */,
				04B0223324D8178C00605ED0 /* Roboto-ThinItalic.ttf in Resources */,
				04B0222C24D8178C00605ED0 /* Roboto-BoldItalic.ttf in Resources */,
				04B0222E24D8178C00605ED0 /* Roboto-MediumItalic.ttf in Resources */,
				A604613324AD9A3100034CAB /* Main.storyboard in Resources */,
			);
			runOnlyForDeploymentPostprocessing = 0;
		};
		A604611324AD98FD00034CAB /* Resources */ = {
			isa = PBXResourcesBuildPhase;
			buildActionMask = 2147483647;
			files = (
			);
			runOnlyForDeploymentPostprocessing = 0;
		};
		A604611E24AD98FD00034CAB /* Resources */ = {
			isa = PBXResourcesBuildPhase;
			buildActionMask = 2147483647;
			files = (
			);
			runOnlyForDeploymentPostprocessing = 0;
		};
/* End PBXResourcesBuildPhase section */

/* Begin PBXShellScriptBuildPhase section */
		11701AAF94F10533557F76D8 /* [CP] Check Pods Manifest.lock */ = {
			isa = PBXShellScriptBuildPhase;
			buildActionMask = 2147483647;
			files = (
			);
			inputFileListPaths = (
			);
			inputPaths = (
				"${PODS_PODFILE_DIR_PATH}/Podfile.lock",
				"${PODS_ROOT}/Manifest.lock",
			);
			name = "[CP] Check Pods Manifest.lock";
			outputFileListPaths = (
			);
			outputPaths = (
				"$(DERIVED_FILE_DIR)/Pods-Mopp-MoppUITests-checkManifestLockResult.txt",
			);
			runOnlyForDeploymentPostprocessing = 0;
			shellPath = /bin/sh;
			shellScript = "diff \"${PODS_PODFILE_DIR_PATH}/Podfile.lock\" \"${PODS_ROOT}/Manifest.lock\" > /dev/null\nif [ $? != 0 ] ; then\n    # print error to STDERR\n    echo \"error: The sandbox is not in sync with the Podfile.lock. Run 'pod install' or update your CocoaPods installation.\" >&2\n    exit 1\nfi\n# This output is used by Xcode 'outputs' to avoid re-running this script phase.\necho \"SUCCESS\" > \"${SCRIPT_OUTPUT_FILE_0}\"\n";
			showEnvVarsInLog = 0;
		};
		5719F1271753BA9BCDB4D231 /* [CP] Check Pods Manifest.lock */ = {
			isa = PBXShellScriptBuildPhase;
			buildActionMask = 2147483647;
			files = (
			);
			inputFileListPaths = (
			);
			inputPaths = (
				"${PODS_PODFILE_DIR_PATH}/Podfile.lock",
				"${PODS_ROOT}/Manifest.lock",
			);
			name = "[CP] Check Pods Manifest.lock";
			outputFileListPaths = (
			);
			outputPaths = (
				"$(DERIVED_FILE_DIR)/Pods-MoppTests-checkManifestLockResult.txt",
			);
			runOnlyForDeploymentPostprocessing = 0;
			shellPath = /bin/sh;
			shellScript = "diff \"${PODS_PODFILE_DIR_PATH}/Podfile.lock\" \"${PODS_ROOT}/Manifest.lock\" > /dev/null\nif [ $? != 0 ] ; then\n    # print error to STDERR\n    echo \"error: The sandbox is not in sync with the Podfile.lock. Run 'pod install' or update your CocoaPods installation.\" >&2\n    exit 1\nfi\n# This output is used by Xcode 'outputs' to avoid re-running this script phase.\necho \"SUCCESS\" > \"${SCRIPT_OUTPUT_FILE_0}\"\n";
			showEnvVarsInLog = 0;
		};
		7FC3BF26E577CFC66D8CE858 /* [CP] Copy Pods Resources */ = {
			isa = PBXShellScriptBuildPhase;
			buildActionMask = 2147483647;
			files = (
			);
			inputFileListPaths = (
				"${PODS_ROOT}/Target Support Files/Pods-Mopp/Pods-Mopp-resources-${CONFIGURATION}-input-files.xcfilelist",
			);
			name = "[CP] Copy Pods Resources";
			outputFileListPaths = (
				"${PODS_ROOT}/Target Support Files/Pods-Mopp/Pods-Mopp-resources-${CONFIGURATION}-output-files.xcfilelist",
			);
			runOnlyForDeploymentPostprocessing = 0;
			shellPath = /bin/sh;
			shellScript = "\"${PODS_ROOT}/Target Support Files/Pods-Mopp/Pods-Mopp-resources.sh\"\n";
			showEnvVarsInLog = 0;
		};
		83F7C5EE27F5D890705855F1 /* [CP] Embed Pods Frameworks */ = {
			isa = PBXShellScriptBuildPhase;
			buildActionMask = 2147483647;
			files = (
			);
			inputFileListPaths = (
				"${PODS_ROOT}/Target Support Files/Pods-Mopp-MoppUITests/Pods-Mopp-MoppUITests-frameworks-${CONFIGURATION}-input-files.xcfilelist",
			);
			name = "[CP] Embed Pods Frameworks";
			outputFileListPaths = (
				"${PODS_ROOT}/Target Support Files/Pods-Mopp-MoppUITests/Pods-Mopp-MoppUITests-frameworks-${CONFIGURATION}-output-files.xcfilelist",
			);
			runOnlyForDeploymentPostprocessing = 0;
			shellPath = /bin/sh;
			shellScript = "\"${PODS_ROOT}/Target Support Files/Pods-Mopp-MoppUITests/Pods-Mopp-MoppUITests-frameworks.sh\"\n";
			showEnvVarsInLog = 0;
		};
		8E658F333A36D590E828BFBA /* [CP] Copy Pods Resources */ = {
			isa = PBXShellScriptBuildPhase;
			buildActionMask = 2147483647;
			files = (
			);
			inputFileListPaths = (
				"${PODS_ROOT}/Target Support Files/Pods-Mopp-MoppUITests/Pods-Mopp-MoppUITests-resources-${CONFIGURATION}-input-files.xcfilelist",
			);
			name = "[CP] Copy Pods Resources";
			outputFileListPaths = (
				"${PODS_ROOT}/Target Support Files/Pods-Mopp-MoppUITests/Pods-Mopp-MoppUITests-resources-${CONFIGURATION}-output-files.xcfilelist",
			);
			runOnlyForDeploymentPostprocessing = 0;
			shellPath = /bin/sh;
			shellScript = "\"${PODS_ROOT}/Target Support Files/Pods-Mopp-MoppUITests/Pods-Mopp-MoppUITests-resources.sh\"\n";
			showEnvVarsInLog = 0;
		};
		C21695675FE9041A997B6675 /* [CP] Check Pods Manifest.lock */ = {
			isa = PBXShellScriptBuildPhase;
			buildActionMask = 2147483647;
			files = (
			);
			inputFileListPaths = (
			);
			inputPaths = (
				"${PODS_PODFILE_DIR_PATH}/Podfile.lock",
				"${PODS_ROOT}/Manifest.lock",
			);
			name = "[CP] Check Pods Manifest.lock";
			outputFileListPaths = (
			);
			outputPaths = (
				"$(DERIVED_FILE_DIR)/Pods-Mopp-checkManifestLockResult.txt",
			);
			runOnlyForDeploymentPostprocessing = 0;
			shellPath = /bin/sh;
			shellScript = "diff \"${PODS_PODFILE_DIR_PATH}/Podfile.lock\" \"${PODS_ROOT}/Manifest.lock\" > /dev/null\nif [ $? != 0 ] ; then\n    # print error to STDERR\n    echo \"error: The sandbox is not in sync with the Podfile.lock. Run 'pod install' or update your CocoaPods installation.\" >&2\n    exit 1\nfi\n# This output is used by Xcode 'outputs' to avoid re-running this script phase.\necho \"SUCCESS\" > \"${SCRIPT_OUTPUT_FILE_0}\"\n";
			showEnvVarsInLog = 0;
		};
		F0DC60D3BDAA8C3941D24575 /* [CP] Embed Pods Frameworks */ = {
			isa = PBXShellScriptBuildPhase;
			buildActionMask = 2147483647;
			files = (
			);
			inputFileListPaths = (
				"${PODS_ROOT}/Target Support Files/Pods-Mopp/Pods-Mopp-frameworks-${CONFIGURATION}-input-files.xcfilelist",
			);
			name = "[CP] Embed Pods Frameworks";
			outputFileListPaths = (
				"${PODS_ROOT}/Target Support Files/Pods-Mopp/Pods-Mopp-frameworks-${CONFIGURATION}-output-files.xcfilelist",
			);
			runOnlyForDeploymentPostprocessing = 0;
			shellPath = /bin/sh;
			shellScript = "\"${PODS_ROOT}/Target Support Files/Pods-Mopp/Pods-Mopp-frameworks.sh\"\n";
			showEnvVarsInLog = 0;
		};
/* End PBXShellScriptBuildPhase section */

/* Begin PBXSourcesBuildPhase section */
		A60460FB24AD98F900034CAB /* Sources */ = {
			isa = PBXSourcesBuildPhase;
			buildActionMask = 2147483647;
			files = (
				0454C44E24CC358500AB50EB /* TestCV.swift in Sources */,
				0463E6FC24D190EE00CBD0DA /* StatusModel.swift in Sources */,
				04698A0824D2EEF1001B38A7 /* ConversationsController.swift in Sources */,
				041A394724CBECB8009CD443 /* IPUtill.swift in Sources */,
				04B6C2C424D0044400F76360 /* SplVC.swift in Sources */,
				A604610724AD98F900034CAB /* SelectUniversity.swift in Sources */,
				041A395724CBF3CA009CD443 /* NetWorkCall.swift in Sources */,
				041A394824CBECB8009CD443 /* MReservationChartAreaWise.swift in Sources */,
				04B6C2C624D016AA00F76360 /* SceneDelegate.swift in Sources */,
				0463E6F824D148BE00CBD0DA /* UserData_m.swift in Sources */,
				041A394A24CBECB8009CD443 /* IPGlobal.swift in Sources */,
				A604610324AD98F900034CAB /* AppDelegate.swift in Sources */,
				041A394924CBECB8009CD443 /* IPExtension.swift in Sources */,
				04698A0A24D3D1AC001B38A7 /* Extensions.swift in Sources */,
				04698A0E24D3F2DD001B38A7 /* SignUpVC.swift in Sources */,
				041A394E24CBED04009CD443 /* GetUnivercity.swift in Sources */,
				041A394624CBECB8009CD443 /* IPConstant.swift in Sources */,
				041A394B24CBECB8009CD443 /* IPText.swift in Sources */,
				041A395024CBEF70009CD443 /* ClSData.swift in Sources */,
				041A395424CBF0A9009CD443 /* Reachability.m in Sources */,
				04B0223724D81A8100605ED0 /* JobListVC.swift in Sources */,
				0424975624CFFB610094D4F9 /* LoginVc.swift in Sources */,
				045894C624D86AAE00A6025D /* GrantsList.swift in Sources */,
				0463E6FA24D18D1B00CBD0DA /* ForgotPassword.swift in Sources */,
			);
			runOnlyForDeploymentPostprocessing = 0;
		};
		A604611124AD98FD00034CAB /* Sources */ = {
			isa = PBXSourcesBuildPhase;
			buildActionMask = 2147483647;
			files = (
				A604611A24AD98FD00034CAB /* MoppTests.swift in Sources */,
			);
			runOnlyForDeploymentPostprocessing = 0;
		};
		A604611C24AD98FD00034CAB /* Sources */ = {
			isa = PBXSourcesBuildPhase;
			buildActionMask = 2147483647;
			files = (
				A604612524AD98FD00034CAB /* MoppUITests.swift in Sources */,
			);
			runOnlyForDeploymentPostprocessing = 0;
		};
/* End PBXSourcesBuildPhase section */

/* Begin PBXTargetDependency section */
		A604611724AD98FD00034CAB /* PBXTargetDependency */ = {
			isa = PBXTargetDependency;
			target = A60460FE24AD98F900034CAB /* Mopp */;
			targetProxy = A604611624AD98FD00034CAB /* PBXContainerItemProxy */;
		};
		A604612224AD98FD00034CAB /* PBXTargetDependency */ = {
			isa = PBXTargetDependency;
			target = A60460FE24AD98F900034CAB /* Mopp */;
			targetProxy = A604612124AD98FD00034CAB /* PBXContainerItemProxy */;
		};
/* End PBXTargetDependency section */

/* Begin PBXVariantGroup section */
		A604610D24AD98FD00034CAB /* LaunchScreen.storyboard */ = {
			isa = PBXVariantGroup;
			children = (
				A604610E24AD98FD00034CAB /* Base */,
			);
			name = LaunchScreen.storyboard;
			sourceTree = "<group>";
		};
/* End PBXVariantGroup section */

/* Begin XCBuildConfiguration section */
		A604612724AD98FD00034CAB /* Debug */ = {
			isa = XCBuildConfiguration;
			buildSettings = {
				ALWAYS_SEARCH_USER_PATHS = NO;
				CLANG_ANALYZER_NONNULL = YES;
				CLANG_ANALYZER_NUMBER_OBJECT_CONVERSION = YES_AGGRESSIVE;
				CLANG_CXX_LANGUAGE_STANDARD = "gnu++14";
				CLANG_CXX_LIBRARY = "libc++";
				CLANG_ENABLE_MODULES = YES;
				CLANG_ENABLE_OBJC_ARC = YES;
				CLANG_ENABLE_OBJC_WEAK = YES;
				CLANG_WARN_BLOCK_CAPTURE_AUTORELEASING = YES;
				CLANG_WARN_BOOL_CONVERSION = YES;
				CLANG_WARN_COMMA = YES;
				CLANG_WARN_CONSTANT_CONVERSION = YES;
				CLANG_WARN_DEPRECATED_OBJC_IMPLEMENTATIONS = YES;
				CLANG_WARN_DIRECT_OBJC_ISA_USAGE = YES_ERROR;
				CLANG_WARN_DOCUMENTATION_COMMENTS = YES;
				CLANG_WARN_EMPTY_BODY = YES;
				CLANG_WARN_ENUM_CONVERSION = YES;
				CLANG_WARN_INFINITE_RECURSION = YES;
				CLANG_WARN_INT_CONVERSION = YES;
				CLANG_WARN_NON_LITERAL_NULL_CONVERSION = YES;
				CLANG_WARN_OBJC_IMPLICIT_RETAIN_SELF = YES;
				CLANG_WARN_OBJC_LITERAL_CONVERSION = YES;
				CLANG_WARN_OBJC_ROOT_CLASS = YES_ERROR;
				CLANG_WARN_RANGE_LOOP_ANALYSIS = YES;
				CLANG_WARN_STRICT_PROTOTYPES = YES;
				CLANG_WARN_SUSPICIOUS_MOVE = YES;
				CLANG_WARN_UNGUARDED_AVAILABILITY = YES_AGGRESSIVE;
				CLANG_WARN_UNREACHABLE_CODE = YES;
				CLANG_WARN__DUPLICATE_METHOD_MATCH = YES;
				COPY_PHASE_STRIP = NO;
				DEBUG_INFORMATION_FORMAT = dwarf;
				ENABLE_STRICT_OBJC_MSGSEND = YES;
				ENABLE_TESTABILITY = YES;
				GCC_C_LANGUAGE_STANDARD = gnu11;
				GCC_DYNAMIC_NO_PIC = NO;
				GCC_NO_COMMON_BLOCKS = YES;
				GCC_OPTIMIZATION_LEVEL = 0;
				GCC_PREPROCESSOR_DEFINITIONS = (
					"DEBUG=1",
					"$(inherited)",
				);
				GCC_WARN_64_TO_32_BIT_CONVERSION = YES;
				GCC_WARN_ABOUT_RETURN_TYPE = YES_ERROR;
				GCC_WARN_UNDECLARED_SELECTOR = YES;
				GCC_WARN_UNINITIALIZED_AUTOS = YES_AGGRESSIVE;
				GCC_WARN_UNUSED_FUNCTION = YES;
				GCC_WARN_UNUSED_VARIABLE = YES;
				IPHONEOS_DEPLOYMENT_TARGET = 13.5;
				MTL_ENABLE_DEBUG_INFO = INCLUDE_SOURCE;
				MTL_FAST_MATH = YES;
				ONLY_ACTIVE_ARCH = YES;
				SDKROOT = iphoneos;
				SWIFT_ACTIVE_COMPILATION_CONDITIONS = DEBUG;
				SWIFT_OPTIMIZATION_LEVEL = "-Onone";
			};
			name = Debug;
		};
		A604612824AD98FD00034CAB /* Release */ = {
			isa = XCBuildConfiguration;
			buildSettings = {
				ALWAYS_SEARCH_USER_PATHS = NO;
				CLANG_ANALYZER_NONNULL = YES;
				CLANG_ANALYZER_NUMBER_OBJECT_CONVERSION = YES_AGGRESSIVE;
				CLANG_CXX_LANGUAGE_STANDARD = "gnu++14";
				CLANG_CXX_LIBRARY = "libc++";
				CLANG_ENABLE_MODULES = YES;
				CLANG_ENABLE_OBJC_ARC = YES;
				CLANG_ENABLE_OBJC_WEAK = YES;
				CLANG_WARN_BLOCK_CAPTURE_AUTORELEASING = YES;
				CLANG_WARN_BOOL_CONVERSION = YES;
				CLANG_WARN_COMMA = YES;
				CLANG_WARN_CONSTANT_CONVERSION = YES;
				CLANG_WARN_DEPRECATED_OBJC_IMPLEMENTATIONS = YES;
				CLANG_WARN_DIRECT_OBJC_ISA_USAGE = YES_ERROR;
				CLANG_WARN_DOCUMENTATION_COMMENTS = YES;
				CLANG_WARN_EMPTY_BODY = YES;
				CLANG_WARN_ENUM_CONVERSION = YES;
				CLANG_WARN_INFINITE_RECURSION = YES;
				CLANG_WARN_INT_CONVERSION = YES;
				CLANG_WARN_NON_LITERAL_NULL_CONVERSION = YES;
				CLANG_WARN_OBJC_IMPLICIT_RETAIN_SELF = YES;
				CLANG_WARN_OBJC_LITERAL_CONVERSION = YES;
				CLANG_WARN_OBJC_ROOT_CLASS = YES_ERROR;
				CLANG_WARN_RANGE_LOOP_ANALYSIS = YES;
				CLANG_WARN_STRICT_PROTOTYPES = YES;
				CLANG_WARN_SUSPICIOUS_MOVE = YES;
				CLANG_WARN_UNGUARDED_AVAILABILITY = YES_AGGRESSIVE;
				CLANG_WARN_UNREACHABLE_CODE = YES;
				CLANG_WARN__DUPLICATE_METHOD_MATCH = YES;
				COPY_PHASE_STRIP = NO;
				DEBUG_INFORMATION_FORMAT = "dwarf-with-dsym";
				ENABLE_NS_ASSERTIONS = NO;
				ENABLE_STRICT_OBJC_MSGSEND = YES;
				GCC_C_LANGUAGE_STANDARD = gnu11;
				GCC_NO_COMMON_BLOCKS = YES;
				GCC_WARN_64_TO_32_BIT_CONVERSION = YES;
				GCC_WARN_ABOUT_RETURN_TYPE = YES_ERROR;
				GCC_WARN_UNDECLARED_SELECTOR = YES;
				GCC_WARN_UNINITIALIZED_AUTOS = YES_AGGRESSIVE;
				GCC_WARN_UNUSED_FUNCTION = YES;
				GCC_WARN_UNUSED_VARIABLE = YES;
				IPHONEOS_DEPLOYMENT_TARGET = 13.5;
				MTL_ENABLE_DEBUG_INFO = NO;
				MTL_FAST_MATH = YES;
				SDKROOT = iphoneos;
				SWIFT_COMPILATION_MODE = wholemodule;
				SWIFT_OPTIMIZATION_LEVEL = "-O";
				VALIDATE_PRODUCT = YES;
			};
			name = Release;
		};
		A604612A24AD98FD00034CAB /* Debug */ = {
			isa = XCBuildConfiguration;
			baseConfigurationReference = 33CECD04D33ED50AA3A1FE2E /* Pods-Mopp.debug.xcconfig */;
			buildSettings = {
				ASSETCATALOG_COMPILER_APPICON_NAME = AppIcon;
				CLANG_ENABLE_MODULES = YES;
				CODE_SIGN_STYLE = Automatic;
				INFOPLIST_FILE = Mopp/Info.plist;
				IPHONEOS_DEPLOYMENT_TARGET = 11.0;
				LD_RUNPATH_SEARCH_PATHS = (
					"$(inherited)",
					"@executable_path/Frameworks",
				);
				PRODUCT_BUNDLE_IDENTIFIER = com.masa.mopp;
				PRODUCT_NAME = "$(TARGET_NAME)";
				SWIFT_OBJC_BRIDGING_HEADER = "Mopp/CommonClass/Mopp-Bridging-Header.h";
				SWIFT_OPTIMIZATION_LEVEL = "-Onone";
				SWIFT_VERSION = 5.0;
				TARGETED_DEVICE_FAMILY = "1,2";
			};
			name = Debug;
		};
		A604612B24AD98FD00034CAB /* Release */ = {
			isa = XCBuildConfiguration;
			baseConfigurationReference = D5412879FFD56AFBBF7303FB /* Pods-Mopp.release.xcconfig */;
			buildSettings = {
				ASSETCATALOG_COMPILER_APPICON_NAME = AppIcon;
				CLANG_ENABLE_MODULES = YES;
				CODE_SIGN_STYLE = Automatic;
				INFOPLIST_FILE = Mopp/Info.plist;
				IPHONEOS_DEPLOYMENT_TARGET = 11.0;
				LD_RUNPATH_SEARCH_PATHS = (
					"$(inherited)",
					"@executable_path/Frameworks",
				);
				PRODUCT_BUNDLE_IDENTIFIER = com.masa.mopp;
				PRODUCT_NAME = "$(TARGET_NAME)";
				SWIFT_OBJC_BRIDGING_HEADER = "Mopp/CommonClass/Mopp-Bridging-Header.h";
				SWIFT_VERSION = 5.0;
				TARGETED_DEVICE_FAMILY = "1,2";
			};
			name = Release;
		};
		A604612D24AD98FD00034CAB /* Debug */ = {
			isa = XCBuildConfiguration;
			baseConfigurationReference = 8361E6FF88284BED15C4C8D0 /* Pods-MoppTests.debug.xcconfig */;
			buildSettings = {
				ALWAYS_EMBED_SWIFT_STANDARD_LIBRARIES = YES;
				BUNDLE_LOADER = "$(TEST_HOST)";
				CODE_SIGN_STYLE = Automatic;
				INFOPLIST_FILE = MoppTests/Info.plist;
				IPHONEOS_DEPLOYMENT_TARGET = 13.5;
				LD_RUNPATH_SEARCH_PATHS = (
					"$(inherited)",
					"@executable_path/Frameworks",
					"@loader_path/Frameworks",
				);
				PRODUCT_BUNDLE_IDENTIFIER = com.jdevio.Mopp.MoppTests;
				PRODUCT_NAME = "$(TARGET_NAME)";
				SWIFT_VERSION = 5.0;
				TARGETED_DEVICE_FAMILY = "1,2";
				TEST_HOST = "$(BUILT_PRODUCTS_DIR)/Mopp.app/Mopp";
			};
			name = Debug;
		};
		A604612E24AD98FD00034CAB /* Release */ = {
			isa = XCBuildConfiguration;
			baseConfigurationReference = 157DA5B29283EA9A5DA22438 /* Pods-MoppTests.release.xcconfig */;
			buildSettings = {
				ALWAYS_EMBED_SWIFT_STANDARD_LIBRARIES = YES;
				BUNDLE_LOADER = "$(TEST_HOST)";
				CODE_SIGN_STYLE = Automatic;
				INFOPLIST_FILE = MoppTests/Info.plist;
				IPHONEOS_DEPLOYMENT_TARGET = 13.5;
				LD_RUNPATH_SEARCH_PATHS = (
					"$(inherited)",
					"@executable_path/Frameworks",
					"@loader_path/Frameworks",
				);
				PRODUCT_BUNDLE_IDENTIFIER = com.jdevio.Mopp.MoppTests;
				PRODUCT_NAME = "$(TARGET_NAME)";
				SWIFT_VERSION = 5.0;
				TARGETED_DEVICE_FAMILY = "1,2";
				TEST_HOST = "$(BUILT_PRODUCTS_DIR)/Mopp.app/Mopp";
			};
			name = Release;
		};
		A604613024AD98FD00034CAB /* Debug */ = {
			isa = XCBuildConfiguration;
			baseConfigurationReference = AB96588ADBB59CF7097F455D /* Pods-Mopp-MoppUITests.debug.xcconfig */;
			buildSettings = {
				ALWAYS_EMBED_SWIFT_STANDARD_LIBRARIES = YES;
				CODE_SIGN_STYLE = Automatic;
				INFOPLIST_FILE = MoppUITests/Info.plist;
				LD_RUNPATH_SEARCH_PATHS = (
					"$(inherited)",
					"@executable_path/Frameworks",
					"@loader_path/Frameworks",
				);
				PRODUCT_BUNDLE_IDENTIFIER = com.jdevio.Mopp.MoppUITests;
				PRODUCT_NAME = "$(TARGET_NAME)";
				SWIFT_VERSION = 5.0;
				TARGETED_DEVICE_FAMILY = "1,2";
				TEST_TARGET_NAME = Mopp;
			};
			name = Debug;
		};
		A604613124AD98FD00034CAB /* Release */ = {
			isa = XCBuildConfiguration;
			baseConfigurationReference = 5C1826A36D8EB26A1310EA8B /* Pods-Mopp-MoppUITests.release.xcconfig */;
			buildSettings = {
				ALWAYS_EMBED_SWIFT_STANDARD_LIBRARIES = YES;
				CODE_SIGN_STYLE = Automatic;
				INFOPLIST_FILE = MoppUITests/Info.plist;
				LD_RUNPATH_SEARCH_PATHS = (
					"$(inherited)",
					"@executable_path/Frameworks",
					"@loader_path/Frameworks",
				);
				PRODUCT_BUNDLE_IDENTIFIER = com.jdevio.Mopp.MoppUITests;
				PRODUCT_NAME = "$(TARGET_NAME)";
				SWIFT_VERSION = 5.0;
				TARGETED_DEVICE_FAMILY = "1,2";
				TEST_TARGET_NAME = Mopp;
			};
			name = Release;
		};
/* End XCBuildConfiguration section */

/* Begin XCConfigurationList section */
		A60460FA24AD98F900034CAB /* Build configuration list for PBXProject "Mopp" */ = {
			isa = XCConfigurationList;
			buildConfigurations = (
				A604612724AD98FD00034CAB /* Debug */,
				A604612824AD98FD00034CAB /* Release */,
			);
			defaultConfigurationIsVisible = 0;
			defaultConfigurationName = Release;
		};
		A604612924AD98FD00034CAB /* Build configuration list for PBXNativeTarget "Mopp" */ = {
			isa = XCConfigurationList;
			buildConfigurations = (
				A604612A24AD98FD00034CAB /* Debug */,
				A604612B24AD98FD00034CAB /* Release */,
			);
			defaultConfigurationIsVisible = 0;
			defaultConfigurationName = Release;
		};
		A604612C24AD98FD00034CAB /* Build configuration list for PBXNativeTarget "MoppTests" */ = {
			isa = XCConfigurationList;
			buildConfigurations = (
				A604612D24AD98FD00034CAB /* Debug */,
				A604612E24AD98FD00034CAB /* Release */,
			);
			defaultConfigurationIsVisible = 0;
			defaultConfigurationName = Release;
		};
		A604612F24AD98FD00034CAB /* Build configuration list for PBXNativeTarget "MoppUITests" */ = {
			isa = XCConfigurationList;
			buildConfigurations = (
				A604613024AD98FD00034CAB /* Debug */,
				A604613124AD98FD00034CAB /* Release */,
			);
			defaultConfigurationIsVisible = 0;
			defaultConfigurationName = Release;
		};
/* End XCConfigurationList section */
	};
	rootObject = A60460F724AD98F900034CAB /* Project object */;
}
